
Microsoft Visual Studio Solution File, Format Version 12.00
# Visual Studio Version 17
VisualStudioVersion = 17.10.34928.147
MinimumVisualStudioVersion = 10.0.40219.1
Project("{FAE04EC0-301F-11D3-BF4B-00C04F79EFBC}") = "GerenciadorBiblioteca.APP", "GerenciadorBiblioteca.APP\GerenciadorBiblioteca.APP.csproj", "{4357EAB2-FEFD-4890-9840-00A6B57702E7}"
EndProject
Project("{FAE04EC0-301F-11D3-BF4B-00C04F79EFBC}") = "GerenciadorBiblioteca.Domain", "GerenciadorBiblioteca.Domain\GerenciadorBiblioteca.Domain.csproj", "{86679FC7-B878-4494-B9B1-4954612461DA}"
EndProject
Global
	GlobalSection(SolutionConfigurationPlatforms) = preSolution
		Debug|Any CPU = Debug|Any CPU
		Release|Any CPU = Release|Any CPU
	EndGlobalSection
	GlobalSection(ProjectConfigurationPlatforms) = postSolution
		{4357EAB2-FEFD-4890-9840-00A6B57702E7}.Debug|Any CPU.ActiveCfg = Debug|Any CPU
		{4357EAB2-FEFD-4890-9840-00A6B57702E7}.Debug|Any CPU.Build.0 = Debug|Any CPU
		{4357EAB2-FEFD-4890-9840-00A6B57702E7}.Release|Any CPU.ActiveCfg = Release|Any CPU
		{4357EAB2-FEFD-4890-9840-00A6B57702E7}.Release|Any CPU.Build.0 = Release|Any CPU
		{86679FC7-B878-4494-B9B1-4954612461DA}.Debug|Any CPU.ActiveCfg = Debug|Any CPU
		{86679FC7-B878-4494-B9B1-4954612461DA}.Debug|Any CPU.Build.0 = Debug|Any CPU
		{86679FC7-B878-4494-B9B1-4954612461DA}.Release|Any CPU.ActiveCfg = Release|Any CPU
		{86679FC7-B878-4494-B9B1-4954612461DA}.Release|Any CPU.Build.0 = Release|Any CPU
	EndGlobalSection
	GlobalSection(SolutionProperties) = preSolution
		HideSolutionNode = FALSE
	EndGlobalSection
	GlobalSection(ExtensibilityGlobals) = postSolution
		SolutionGuid = {A1F1F09C-F3D3-4570-BEF3-8C6CA5C9297A}
	EndGlobalSection
EndGlobal
